PODS:
  - Alamofire (5.6.4)
  - FSCalendar (2.8.4)
  - KeychainSwift (20.0.0)

DEPENDENCIES:
  - Alamofire
  - FSCalendar
  - KeychainSwift (~> 20.0)

SPEC REPOS:
  trunk:
    - Alamofire
    - FSCalendar
    - KeychainSwift

SPEC CHECKSUMS:
  Alamofire: 4e95d97098eacb88856099c4fc79b526a299e48c
  FSCalendar: 2d1d0d9398f12d439f55c1fe0f01525b151b8260
  KeychainSwift: 0ce6a4d13f7228054d1a71bb1b500448fb2ab837

PODFILE CHECKSUM: 5dc17735f2d55a993cc522c56ea6559ca8258154

COCOAPODS: 1.12.1
