// !$*UTF8*$!
{
	archiveVersion = 1;
	classes = {
	};
	objectVersion = 60;
	objects = {

/* Begin PBXBuildFile section */
		EE0528CA2A30DA3C006C8C98 /* NewExcursionTableViewController.swift in Sources */ = {isa = PBXBuildFile; fileRef = EE0528C92A30DA3C006C8C98 /* NewExcursionTableViewController.swift */; };
		EE1770EC2A22B08500B18055 /* Company.swift in Sources */ = {isa = PBXBuildFile; fileRef = EE1770EB2A22B08500B18055 /* Company.swift */; };
		EE1770EE2A239A7E00B18055 /* ChangePasswordViewController.swift in Sources */ = {isa = PBXBuildFile; fileRef = EE1770ED2A239A7E00B18055 /* ChangePasswordViewController.swift */; };
		EE1770F02A23BD9500B18055 /* StringValidation.swift in Sources */ = {isa = PBXBuildFile; fileRef = EE1770EF2A23BD9500B18055 /* StringValidation.swift */; };
		EE1770F32A23EE5A00B18055 /* LaunchScreenViewController.swift in Sources */ = {isa = PBXBuildFile; fileRef = EE1770F22A23EE5A00B18055 /* LaunchScreenViewController.swift */; };
		EE1770F62A23F00300B18055 /* Launch.storyboard in Resources */ = {isa = PBXBuildFile; fileRef = EE1770F52A23F00300B18055 /* Launch.storyboard */; };
		EE18F4642A3E4EAD0047E068 /* SendAutofill.swift in Sources */ = {isa = PBXBuildFile; fileRef = EE18F4632A3E4EAD0047E068 /* SendAutofill.swift */; };
		EE18F4662A3E4FB00047E068 /* ResponseAutoFill.swift in Sources */ = {isa = PBXBuildFile; fileRef = EE18F4652A3E4FB00047E068 /* ResponseAutoFill.swift */; };
		EE18F4682A3E503F0047E068 /* ApiManagerAutoFill.swift in Sources */ = {isa = PBXBuildFile; fileRef = EE18F4672A3E503F0047E068 /* ApiManagerAutoFill.swift */; };
		EE1A678F2A40F50F007A1A84 /* ExcursionForGuideTableViewController.swift in Sources */ = {isa = PBXBuildFile; fileRef = EE1A678E2A40F50F007A1A84 /* ExcursionForGuideTableViewController.swift */; };
		EE1D14122A577A1500A125F2 /* TourManadgmentTableViewCell.swift in Sources */ = {isa = PBXBuildFile; fileRef = EE1D14102A577A1500A125F2 /* TourManadgmentTableViewCell.swift */; };
		EE1D14132A577A1500A125F2 /* TourManadgmentTableViewCell.xib in Resources */ = {isa = PBXBuildFile; fileRef = EE1D14112A577A1500A125F2 /* TourManadgmentTableViewCell.xib */; };
		EE2377362A0816D900CB9D70 /* Alerts.swift in Sources */ = {isa = PBXBuildFile; fileRef = EE2377352A0816D900CB9D70 /* Alerts.swift */; };
		EE2C9A5029FD858500B7D74F /* ProfilePageViewController.swift in Sources */ = {isa = PBXBuildFile; fileRef = EE2C9A4F29FD858500B7D74F /* ProfilePageViewController.swift */; };
		EE4619132A6C229C00EBE695 /* Notification.wav in Resources */ = {isa = PBXBuildFile; fileRef = EE4619122A6C229C00EBE695 /* Notification.wav */; };
		EE4C89352A2CEE40004D3CB9 /* Auth.swift in Sources */ = {isa = PBXBuildFile; fileRef = EE4C89342A2CEE40004D3CB9 /* Auth.swift */; };
		EE4C89372A2CF006004D3CB9 /* User Info.swift in Sources */ = {isa = PBXBuildFile; fileRef = EE4C89362A2CF006004D3CB9 /* User Info.swift */; };
		EE4C89392A2CF1E7004D3CB9 /* Access Level.swift in Sources */ = {isa = PBXBuildFile; fileRef = EE4C89382A2CF1E7004D3CB9 /* Access Level.swift */; };
		EE4C893B2A2CF53D004D3CB9 /* UiButton.swift in Sources */ = {isa = PBXBuildFile; fileRef = EE4C893A2A2CF53D004D3CB9 /* UiButton.swift */; };
		EE4C893E2A2E3D85004D3CB9 /* Excursion.swift in Sources */ = {isa = PBXBuildFile; fileRef = EE4C893D2A2E3D85004D3CB9 /* Excursion.swift */; };
		EE52E16F29E5C1C8000C0E5B /* AppDelegate.swift in Sources */ = {isa = PBXBuildFile; fileRef = EE52E16E29E5C1C8000C0E5B /* AppDelegate.swift */; };
		EE52E17129E5C1C8000C0E5B /* SceneDelegate.swift in Sources */ = {isa = PBXBuildFile; fileRef = EE52E17029E5C1C8000C0E5B /* SceneDelegate.swift */; };
		EE52E17629E5C1C8000C0E5B /* Auth.storyboard in Resources */ = {isa = PBXBuildFile; fileRef = EE52E17429E5C1C8000C0E5B /* Auth.storyboard */; };
		EE52E17829E5C1CB000C0E5B /* Assets.xcassets in Resources */ = {isa = PBXBuildFile; fileRef = EE52E17729E5C1CB000C0E5B /* Assets.xcassets */; };
		EE52E17B29E5C1CB000C0E5B /* LaunchScreen.storyboard in Resources */ = {isa = PBXBuildFile; fileRef = EE52E17929E5C1CB000C0E5B /* LaunchScreen.storyboard */; };
		EE5EEC2E2A06D0660025336E /* AddingPersonalDataViewController.swift in Sources */ = {isa = PBXBuildFile; fileRef = EE5EEC2D2A06D0660025336E /* AddingPersonalDataViewController.swift */; };
		EE5EEC312A06EDC20025336E /* ChoiceOfTypeAccountViewController.swift in Sources */ = {isa = PBXBuildFile; fileRef = EE5EEC302A06EDC20025336E /* ChoiceOfTypeAccountViewController.swift */; };
		EE5F91B62A1E839E00B39BB1 /* UiWindow.swift in Sources */ = {isa = PBXBuildFile; fileRef = EE5F91B52A1E839E00B39BB1 /* UiWindow.swift */; };
		EE5F91BC2A1E9F7000B39BB1 /* ApiManagerUserData.swift in Sources */ = {isa = PBXBuildFile; fileRef = EE5F91BB2A1E9F7000B39BB1 /* ApiManagerUserData.swift */; };
		EE5F91BE2A1E9FC400B39BB1 /* GeneralData.swift in Sources */ = {isa = PBXBuildFile; fileRef = EE5F91BD2A1E9FC400B39BB1 /* GeneralData.swift */; };
		EE5F91C02A1EA3C900B39BB1 /* ResponseUserDataStructs.swift in Sources */ = {isa = PBXBuildFile; fileRef = EE5F91BF2A1EA3C900B39BB1 /* ResponseUserDataStructs.swift */; };
		EE5F91C42A1FCEAE00B39BB1 /* ApiManagerCompany.swift in Sources */ = {isa = PBXBuildFile; fileRef = EE5F91C32A1FCEAE00B39BB1 /* ApiManagerCompany.swift */; };
		EE5F91C62A1FD16200B39BB1 /* responseStructs.swift in Sources */ = {isa = PBXBuildFile; fileRef = EE5F91C52A1FD16200B39BB1 /* responseStructs.swift */; };
		EE5F91C92A1FFBB500B39BB1 /* ConvertDate.swift in Sources */ = {isa = PBXBuildFile; fileRef = EE5F91C82A1FFBB500B39BB1 /* ConvertDate.swift */; };
		EE5F91CB2A2003A200B39BB1 /* sendStructs.swift in Sources */ = {isa = PBXBuildFile; fileRef = EE5F91CA2A2003A200B39BB1 /* sendStructs.swift */; };
		EE5F91CD2A2007E400B39BB1 /* sendUserDataStructs.swift in Sources */ = {isa = PBXBuildFile; fileRef = EE5F91CC2A2007E400B39BB1 /* sendUserDataStructs.swift */; };
		EE5F91CF2A200C7700B39BB1 /* sendAuthStructs.swift in Sources */ = {isa = PBXBuildFile; fileRef = EE5F91CE2A200C7700B39BB1 /* sendAuthStructs.swift */; };
		EE5F91D12A200D2D00B39BB1 /* ResponseAuthStructs.swift in Sources */ = {isa = PBXBuildFile; fileRef = EE5F91D02A200D2D00B39BB1 /* ResponseAuthStructs.swift */; };
		EE5F91D32A202F0800B39BB1 /* Main.storyboard in Resources */ = {isa = PBXBuildFile; fileRef = EE5F91D22A202F0800B39BB1 /* Main.storyboard */; };
		EE5F91D72A20A1E700B39BB1 /* mainTabBarViewController.swift in Sources */ = {isa = PBXBuildFile; fileRef = EE5F91D62A20A1E700B39BB1 /* mainTabBarViewController.swift */; };
		EE63A6C62A59E968007B8FC1 /* AdvancedSettingsViewController.swift in Sources */ = {isa = PBXBuildFile; fileRef = EE63A6C52A59E968007B8FC1 /* AdvancedSettingsViewController.swift */; };
		EE6DE06A2A1E681100507A27 /* User.swift in Sources */ = {isa = PBXBuildFile; fileRef = EE6DE0692A1E681100507A27 /* User.swift */; };
		EE8474012A4CB5DD0082DE7E /* GeneralLogic.swift in Sources */ = {isa = PBXBuildFile; fileRef = EE8474002A4CB5DD0082DE7E /* GeneralLogic.swift */; };
		EE8474042A4CC9FD0082DE7E /* NotificationCenterLocal.swift in Sources */ = {isa = PBXBuildFile; fileRef = EE8474032A4CC9FD0082DE7E /* NotificationCenterLocal.swift */; };
		EE8474082A4D99620082DE7E /* sub.caf in Resources */ = {isa = PBXBuildFile; fileRef = EE8474072A4D99620082DE7E /* sub.caf */; };
		EE84740A2A4DB04E0082DE7E /* PushNotificationService.swift in Sources */ = {isa = PBXBuildFile; fileRef = EE8474092A4DB04E0082DE7E /* PushNotificationService.swift */; };
		EE9788692A28D4FA0086C034 /* EmploeeTableViewController.swift in Sources */ = {isa = PBXBuildFile; fileRef = EE9788682A28D4FA0086C034 /* EmploeeTableViewController.swift */; };
		EE97886B2A28EA710086C034 /* EmploeeViewController.swift in Sources */ = {isa = PBXBuildFile; fileRef = EE97886A2A28EA710086C034 /* EmploeeViewController.swift */; };
		EEA07CB12A4DD7FC00F14778 /* LoginViewController.swift in Sources */ = {isa = PBXBuildFile; fileRef = EEA07CB02A4DD7FB00F14778 /* LoginViewController.swift */; };
		EEA4C08029FDDC650083154E /* ApiManagerAuth.swift in Sources */ = {isa = PBXBuildFile; fileRef = EEA4C07F29FDDC650083154E /* ApiManagerAuth.swift */; };
		EEB2336B2A51D50700F3904F /* NoConnectionViewController.swift in Sources */ = {isa = PBXBuildFile; fileRef = EEB2336A2A51D50700F3904F /* NoConnectionViewController.swift */; };
		EEB73F9C2A364B82004D7A25 /* ApiManagerExcursions.swift in Sources */ = {isa = PBXBuildFile; fileRef = EEB73F9B2A364B82004D7A25 /* ApiManagerExcursions.swift */; };
		EEB73F9F2A364B9B004D7A25 /* SendExcursions.swift in Sources */ = {isa = PBXBuildFile; fileRef = EEB73F9E2A364B9B004D7A25 /* SendExcursions.swift */; };
		EEB73FA12A364BA9004D7A25 /* ResponseExcursions.swift in Sources */ = {isa = PBXBuildFile; fileRef = EEB73FA02A364BA9004D7A25 /* ResponseExcursions.swift */; };
		EEB73FA32A365ABC004D7A25 /* ExcursionsControllerModel.swift in Sources */ = {isa = PBXBuildFile; fileRef = EEB73FA22A365ABC004D7A25 /* ExcursionsControllerModel.swift */; };
		EEB764A22A387B2200579E6B /* NewComponentTableViewCell.swift in Sources */ = {isa = PBXBuildFile; fileRef = EEB764A02A387B2200579E6B /* NewComponentTableViewCell.swift */; };
		EEB764A32A387B2200579E6B /* NewComponentTableViewCell.xib in Resources */ = {isa = PBXBuildFile; fileRef = EEB764A12A387B2200579E6B /* NewComponentTableViewCell.xib */; };
		EEC9BA182A2670A100BC026A /* Bool.swift in Sources */ = {isa = PBXBuildFile; fileRef = EEC9BA172A2670A100BC026A /* Bool.swift */; };
		EEDA5E9B2A378215002CC5C8 /* UiTextField.swift in Sources */ = {isa = PBXBuildFile; fileRef = EEDA5E9A2A378215002CC5C8 /* UiTextField.swift */; };
		EEDA5E9D2A37BFA9002CC5C8 /* UiTextView.swift in Sources */ = {isa = PBXBuildFile; fileRef = EEDA5E9C2A37BFA9002CC5C8 /* UiTextView.swift */; };
		EEDA5E9F2A37C153002CC5C8 /* AddingNewComponentViewController.swift in Sources */ = {isa = PBXBuildFile; fileRef = EEDA5E9E2A37C153002CC5C8 /* AddingNewComponentViewController.swift */; };
		EEE8026A2A2E4E1A00162622 /* ExcursionManagementViewController.swift in Sources */ = {isa = PBXBuildFile; fileRef = EEE802692A2E4E1A00162622 /* ExcursionManagementViewController.swift */; };
		EEE802702A2E5DED00162622 /* ExcursionTableViewCell.swift in Sources */ = {isa = PBXBuildFile; fileRef = EEE8026E2A2E5DED00162622 /* ExcursionTableViewCell.swift */; };
		EEE802712A2E5DED00162622 /* ExcursionTableViewCell.xib in Resources */ = {isa = PBXBuildFile; fileRef = EEE8026F2A2E5DED00162622 /* ExcursionTableViewCell.xib */; };
		EEF18C8E2A4209F800A91D2F /* LoadView.swift in Sources */ = {isa = PBXBuildFile; fileRef = EEF18C8D2A4209F800A91D2F /* LoadView.swift */; };
		EEF18C912A42109400A91D2F /* UserDefaults.swift in Sources */ = {isa = PBXBuildFile; fileRef = EEF18C902A42109400A91D2F /* UserDefaults.swift */; };
		EEF18C932A4235A500A91D2F /* DatepickerFromBottom.swift in Sources */ = {isa = PBXBuildFile; fileRef = EEF18C922A4235A500A91D2F /* DatepickerFromBottom.swift */; };
		EEF18C952A4258EE00A91D2F /* FS calendar.swift in Sources */ = {isa = PBXBuildFile; fileRef = EEF18C942A4258EE00A91D2F /* FS calendar.swift */; };
		EEF27A402A044E7D006E5E53 /* Pods_Tour_Manager.framework in Frameworks */ = {isa = PBXBuildFile; fileRef = EEF27A3F2A044E7D006E5E53 /* Pods_Tour_Manager.framework */; };
		EEF27A452A055443006E5E53 /* Profile.swift in Sources */ = {isa = PBXBuildFile; fileRef = EEF27A442A055443006E5E53 /* Profile.swift */; };
		EEF27A482A05551E006E5E53 /* Font.swift in Sources */ = {isa = PBXBuildFile; fileRef = EEF27A472A05551E006E5E53 /* Font.swift */; };
		EEF27A512A059BE4006E5E53 /* TextFieldValidation.swift in Sources */ = {isa = PBXBuildFile; fileRef = EEF27A502A059BE4006E5E53 /* TextFieldValidation.swift */; };
		EEF27A542A05AA44006E5E53 /* Controllers.swift in Sources */ = {isa = PBXBuildFile; fileRef = EEF27A532A05AA44006E5E53 /* Controllers.swift */; };
		EEF27A572A05B512006E5E53 /* extensionUiView.swift in Sources */ = {isa = PBXBuildFile; fileRef = EEF27A562A05B512006E5E53 /* extensionUiView.swift */; };
		EEF27A592A05C7BC006E5E53 /* VerifyEmailViewController.swift in Sources */ = {isa = PBXBuildFile; fileRef = EEF27A582A05C7BC006E5E53 /* VerifyEmailViewController.swift */; };
		EEF6EBA82A41BADE00DC5F6A /* GuideCollectionViewCell.swift in Sources */ = {isa = PBXBuildFile; fileRef = EEF6EBA62A41BADE00DC5F6A /* GuideCollectionViewCell.swift */; };
		EEF6EBA92A41BADE00DC5F6A /* GuideCollectionViewCell.xib in Resources */ = {isa = PBXBuildFile; fileRef = EEF6EBA72A41BADE00DC5F6A /* GuideCollectionViewCell.xib */; };
		EEFD30ED2A3B6400003192A1 /* ExcursionsNavigationController.swift in Sources */ = {isa = PBXBuildFile; fileRef = EEFD30EC2A3B6400003192A1 /* ExcursionsNavigationController.swift */; };
		EEFD30EF2A3B7905003192A1 /* ExcurionsGuideCalendarViewController.swift in Sources */ = {isa = PBXBuildFile; fileRef = EEFD30EE2A3B7905003192A1 /* ExcurionsGuideCalendarViewController.swift */; };
/* End PBXBuildFile section */

/* Begin PBXFileReference section */
		1DFBF18B6D24A5A5FC68BDFE /* Pods_Tour_Manager.framework */ = {isa = PBXFileReference; explicitFileType = wrapper.framework; includeInIndex = 0; path = Pods_Tour_Manager.framework; sourceTree = BUILT_PRODUCTS_DIR; };
		4C239F2D7A9DD96051CDD690 /* Pods-Tour Manager.release.xcconfig */ = {isa = PBXFileReference; includeInIndex = 1; lastKnownFileType = text.xcconfig; name = "Pods-Tour Manager.release.xcconfig"; path = "Target Support Files/Pods-Tour Manager/Pods-Tour Manager.release.xcconfig"; sourceTree = "<group>"; };
		68E77E428BEC283B907E8208 /* Pods-Tour Manager.debug.xcconfig */ = {isa = PBXFileReference; includeInIndex = 1; lastKnownFileType = text.xcconfig; name = "Pods-Tour Manager.debug.xcconfig"; path = "Target Support Files/Pods-Tour Manager/Pods-Tour Manager.debug.xcconfig"; sourceTree = "<group>"; };
		EE0528C92A30DA3C006C8C98 /* NewExcursionTableViewController.swift */ = {isa = PBXFileReference; lastKnownFileType = sourcecode.swift; path = NewExcursionTableViewController.swift; sourceTree = "<group>"; };
		EE1770EB2A22B08500B18055 /* Company.swift */ = {isa = PBXFileReference; lastKnownFileType = sourcecode.swift; path = Company.swift; sourceTree = "<group>"; };
		EE1770ED2A239A7E00B18055 /* ChangePasswordViewController.swift */ = {isa = PBXFileReference; lastKnownFileType = sourcecode.swift; path = ChangePasswordViewController.swift; sourceTree = "<group>"; };
		EE1770EF2A23BD9500B18055 /* StringValidation.swift */ = {isa = PBXFileReference; lastKnownFileType = sourcecode.swift; path = StringValidation.swift; sourceTree = "<group>"; };
		EE1770F22A23EE5A00B18055 /* LaunchScreenViewController.swift */ = {isa = PBXFileReference; lastKnownFileType = sourcecode.swift; path = LaunchScreenViewController.swift; sourceTree = "<group>"; };
		EE1770F52A23F00300B18055 /* Launch.storyboard */ = {isa = PBXFileReference; lastKnownFileType = file.storyboard; path = Launch.storyboard; sourceTree = "<group>"; };
		EE1770F72A23FA5500B18055 /* Tour Manager.entitlements */ = {isa = PBXFileReference; lastKnownFileType = text.plist.entitlements; path = "Tour Manager.entitlements"; sourceTree = "<group>"; };
		EE18F4632A3E4EAD0047E068 /* SendAutofill.swift */ = {isa = PBXFileReference; lastKnownFileType = sourcecode.swift; path = SendAutofill.swift; sourceTree = "<group>"; };
		EE18F4652A3E4FB00047E068 /* ResponseAutoFill.swift */ = {isa = PBXFileReference; lastKnownFileType = sourcecode.swift; path = ResponseAutoFill.swift; sourceTree = "<group>"; };
		EE18F4672A3E503F0047E068 /* ApiManagerAutoFill.swift */ = {isa = PBXFileReference; lastKnownFileType = sourcecode.swift; path = ApiManagerAutoFill.swift; sourceTree = "<group>"; };
		EE1A678E2A40F50F007A1A84 /* ExcursionForGuideTableViewController.swift */ = {isa = PBXFileReference; lastKnownFileType = sourcecode.swift; path = ExcursionForGuideTableViewController.swift; sourceTree = "<group>"; };
		EE1D14102A577A1500A125F2 /* TourManadgmentTableViewCell.swift */ = {isa = PBXFileReference; lastKnownFileType = sourcecode.swift; path = TourManadgmentTableViewCell.swift; sourceTree = "<group>"; };
		EE1D14112A577A1500A125F2 /* TourManadgmentTableViewCell.xib */ = {isa = PBXFileReference; lastKnownFileType = file.xib; path = TourManadgmentTableViewCell.xib; sourceTree = "<group>"; };
		EE2377352A0816D900CB9D70 /* Alerts.swift */ = {isa = PBXFileReference; lastKnownFileType = sourcecode.swift; path = Alerts.swift; sourceTree = "<group>"; };
		EE2C9A4F29FD858500B7D74F /* ProfilePageViewController.swift */ = {isa = PBXFileReference; lastKnownFileType = sourcecode.swift; path = ProfilePageViewController.swift; sourceTree = "<group>"; };
		EE4619122A6C229C00EBE695 /* Notification.wav */ = {isa = PBXFileReference; lastKnownFileType = audio.wav; path = Notification.wav; sourceTree = "<group>"; };
		EE4C89342A2CEE40004D3CB9 /* Auth.swift */ = {isa = PBXFileReference; lastKnownFileType = sourcecode.swift; path = Auth.swift; sourceTree = "<group>"; };
		EE4C89362A2CF006004D3CB9 /* User Info.swift */ = {isa = PBXFileReference; lastKnownFileType = sourcecode.swift; path = "User Info.swift"; sourceTree = "<group>"; };
		EE4C89382A2CF1E7004D3CB9 /* Access Level.swift */ = {isa = PBXFileReference; lastKnownFileType = sourcecode.swift; path = "Access Level.swift"; sourceTree = "<group>"; };
		EE4C893A2A2CF53D004D3CB9 /* UiButton.swift */ = {isa = PBXFileReference; lastKnownFileType = sourcecode.swift; path = UiButton.swift; sourceTree = "<group>"; };
		EE4C893D2A2E3D85004D3CB9 /* Excursion.swift */ = {isa = PBXFileReference; lastKnownFileType = sourcecode.swift; path = Excursion.swift; sourceTree = "<group>"; };
		EE52E16B29E5C1C8000C0E5B /* Tour Manager.app */ = {isa = PBXFileReference; explicitFileType = wrapper.application; includeInIndex = 0; path = "Tour Manager.app"; sourceTree = BUILT_PRODUCTS_DIR; };
		EE52E16E29E5C1C8000C0E5B /* AppDelegate.swift */ = {isa = PBXFileReference; lastKnownFileType = sourcecode.swift; path = AppDelegate.swift; sourceTree = "<group>"; };
		EE52E17029E5C1C8000C0E5B /* SceneDelegate.swift */ = {isa = PBXFileReference; lastKnownFileType = sourcecode.swift; path = SceneDelegate.swift; sourceTree = "<group>"; };
		EE52E17529E5C1C8000C0E5B /* Base */ = {isa = PBXFileReference; lastKnownFileType = file.storyboard; name = Base; path = Base.lproj/Auth.storyboard; sourceTree = "<group>"; };
		EE52E17729E5C1CB000C0E5B /* Assets.xcassets */ = {isa = PBXFileReference; lastKnownFileType = folder.assetcatalog; path = Assets.xcassets; sourceTree = "<group>"; };
		EE52E17A29E5C1CB000C0E5B /* Base */ = {isa = PBXFileReference; lastKnownFileType = file.storyboard; name = Base; path = Base.lproj/LaunchScreen.storyboard; sourceTree = "<group>"; };
		EE52E17C29E5C1CB000C0E5B /* Info.plist */ = {isa = PBXFileReference; lastKnownFileType = text.plist.xml; path = Info.plist; sourceTree = "<group>"; };
		EE5EEC2D2A06D0660025336E /* AddingPersonalDataViewController.swift */ = {isa = PBXFileReference; lastKnownFileType = sourcecode.swift; path = AddingPersonalDataViewController.swift; sourceTree = "<group>"; };
		EE5EEC302A06EDC20025336E /* ChoiceOfTypeAccountViewController.swift */ = {isa = PBXFileReference; lastKnownFileType = sourcecode.swift; path = ChoiceOfTypeAccountViewController.swift; sourceTree = "<group>"; };
		EE5F91B52A1E839E00B39BB1 /* UiWindow.swift */ = {isa = PBXFileReference; lastKnownFileType = sourcecode.swift; path = UiWindow.swift; sourceTree = "<group>"; };
		EE5F91BB2A1E9F7000B39BB1 /* ApiManagerUserData.swift */ = {isa = PBXFileReference; lastKnownFileType = sourcecode.swift; path = ApiManagerUserData.swift; sourceTree = "<group>"; };
		EE5F91BD2A1E9FC400B39BB1 /* GeneralData.swift */ = {isa = PBXFileReference; lastKnownFileType = sourcecode.swift; path = GeneralData.swift; sourceTree = "<group>"; };
		EE5F91BF2A1EA3C900B39BB1 /* ResponseUserDataStructs.swift */ = {isa = PBXFileReference; lastKnownFileType = sourcecode.swift; path = ResponseUserDataStructs.swift; sourceTree = "<group>"; };
		EE5F91C32A1FCEAE00B39BB1 /* ApiManagerCompany.swift */ = {isa = PBXFileReference; lastKnownFileType = sourcecode.swift; path = ApiManagerCompany.swift; sourceTree = "<group>"; };
		EE5F91C52A1FD16200B39BB1 /* responseStructs.swift */ = {isa = PBXFileReference; lastKnownFileType = sourcecode.swift; path = responseStructs.swift; sourceTree = "<group>"; };
		EE5F91C82A1FFBB500B39BB1 /* ConvertDate.swift */ = {isa = PBXFileReference; lastKnownFileType = sourcecode.swift; path = ConvertDate.swift; sourceTree = "<group>"; };
		EE5F91CA2A2003A200B39BB1 /* sendStructs.swift */ = {isa = PBXFileReference; lastKnownFileType = sourcecode.swift; path = sendStructs.swift; sourceTree = "<group>"; };
		EE5F91CC2A2007E400B39BB1 /* sendUserDataStructs.swift */ = {isa = PBXFileReference; lastKnownFileType = sourcecode.swift; path = sendUserDataStructs.swift; sourceTree = "<group>"; };
		EE5F91CE2A200C7700B39BB1 /* sendAuthStructs.swift */ = {isa = PBXFileReference; lastKnownFileType = sourcecode.swift; path = sendAuthStructs.swift; sourceTree = "<group>"; };
		EE5F91D02A200D2D00B39BB1 /* ResponseAuthStructs.swift */ = {isa = PBXFileReference; lastKnownFileType = sourcecode.swift; path = ResponseAuthStructs.swift; sourceTree = "<group>"; };
		EE5F91D22A202F0800B39BB1 /* Main.storyboard */ = {isa = PBXFileReference; lastKnownFileType = file.storyboard; path = Main.storyboard; sourceTree = "<group>"; };
		EE5F91D62A20A1E700B39BB1 /* mainTabBarViewController.swift */ = {isa = PBXFileReference; lastKnownFileType = sourcecode.swift; path = mainTabBarViewController.swift; sourceTree = "<group>"; };
		EE63A6C52A59E968007B8FC1 /* AdvancedSettingsViewController.swift */ = {isa = PBXFileReference; lastKnownFileType = sourcecode.swift; path = AdvancedSettingsViewController.swift; sourceTree = "<group>"; };
		EE6DE0692A1E681100507A27 /* User.swift */ = {isa = PBXFileReference; lastKnownFileType = sourcecode.swift; path = User.swift; sourceTree = "<group>"; };
		EE8474002A4CB5DD0082DE7E /* GeneralLogic.swift */ = {isa = PBXFileReference; lastKnownFileType = sourcecode.swift; path = GeneralLogic.swift; sourceTree = "<group>"; };
		EE8474032A4CC9FD0082DE7E /* NotificationCenterLocal.swift */ = {isa = PBXFileReference; lastKnownFileType = sourcecode.swift; path = NotificationCenterLocal.swift; sourceTree = "<group>"; };
		EE8474072A4D99620082DE7E /* sub.caf */ = {isa = PBXFileReference; lastKnownFileType = file; path = sub.caf; sourceTree = "<group>"; };
		EE8474092A4DB04E0082DE7E /* PushNotificationService.swift */ = {isa = PBXFileReference; lastKnownFileType = sourcecode.swift; path = PushNotificationService.swift; sourceTree = "<group>"; };
		EE9788682A28D4FA0086C034 /* EmploeeTableViewController.swift */ = {isa = PBXFileReference; lastKnownFileType = sourcecode.swift; path = EmploeeTableViewController.swift; sourceTree = "<group>"; };
		EE97886A2A28EA710086C034 /* EmploeeViewController.swift */ = {isa = PBXFileReference; lastKnownFileType = sourcecode.swift; path = EmploeeViewController.swift; sourceTree = "<group>"; };
		EEA07CB02A4DD7FB00F14778 /* LoginViewController.swift */ = {isa = PBXFileReference; lastKnownFileType = sourcecode.swift; path = LoginViewController.swift; sourceTree = "<group>"; };
		EEA4C07F29FDDC650083154E /* ApiManagerAuth.swift */ = {isa = PBXFileReference; lastKnownFileType = sourcecode.swift; path = ApiManagerAuth.swift; sourceTree = "<group>"; };
		EEB2336A2A51D50700F3904F /* NoConnectionViewController.swift */ = {isa = PBXFileReference; lastKnownFileType = sourcecode.swift; path = NoConnectionViewController.swift; sourceTree = "<group>"; };
		EEB73F9B2A364B82004D7A25 /* ApiManagerExcursions.swift */ = {isa = PBXFileReference; lastKnownFileType = sourcecode.swift; path = ApiManagerExcursions.swift; sourceTree = "<group>"; };
		EEB73F9E2A364B9B004D7A25 /* SendExcursions.swift */ = {isa = PBXFileReference; lastKnownFileType = sourcecode.swift; path = SendExcursions.swift; sourceTree = "<group>"; };
		EEB73FA02A364BA9004D7A25 /* ResponseExcursions.swift */ = {isa = PBXFileReference; lastKnownFileType = sourcecode.swift; path = ResponseExcursions.swift; sourceTree = "<group>"; };
		EEB73FA22A365ABC004D7A25 /* ExcursionsControllerModel.swift */ = {isa = PBXFileReference; lastKnownFileType = sourcecode.swift; path = ExcursionsControllerModel.swift; sourceTree = "<group>"; };
		EEB764A02A387B2200579E6B /* NewComponentTableViewCell.swift */ = {isa = PBXFileReference; lastKnownFileType = sourcecode.swift; path = NewComponentTableViewCell.swift; sourceTree = "<group>"; };
		EEB764A12A387B2200579E6B /* NewComponentTableViewCell.xib */ = {isa = PBXFileReference; lastKnownFileType = file.xib; path = NewComponentTableViewCell.xib; sourceTree = "<group>"; };
		EEC9BA172A2670A100BC026A /* Bool.swift */ = {isa = PBXFileReference; lastKnownFileType = sourcecode.swift; path = Bool.swift; sourceTree = "<group>"; };
		EEDA5E9A2A378215002CC5C8 /* UiTextField.swift */ = {isa = PBXFileReference; lastKnownFileType = sourcecode.swift; path = UiTextField.swift; sourceTree = "<group>"; };
		EEDA5E9C2A37BFA9002CC5C8 /* UiTextView.swift */ = {isa = PBXFileReference; lastKnownFileType = sourcecode.swift; path = UiTextView.swift; sourceTree = "<group>"; };
		EEDA5E9E2A37C153002CC5C8 /* AddingNewComponentViewController.swift */ = {isa = PBXFileReference; lastKnownFileType = sourcecode.swift; path = AddingNewComponentViewController.swift; sourceTree = "<group>"; };
		EEE802692A2E4E1A00162622 /* ExcursionManagementViewController.swift */ = {isa = PBXFileReference; lastKnownFileType = sourcecode.swift; path = ExcursionManagementViewController.swift; sourceTree = "<group>"; };
		EEE8026E2A2E5DED00162622 /* ExcursionTableViewCell.swift */ = {isa = PBXFileReference; lastKnownFileType = sourcecode.swift; path = ExcursionTableViewCell.swift; sourceTree = "<group>"; };
		EEE8026F2A2E5DED00162622 /* ExcursionTableViewCell.xib */ = {isa = PBXFileReference; lastKnownFileType = file.xib; path = ExcursionTableViewCell.xib; sourceTree = "<group>"; };
		EEF18C8D2A4209F800A91D2F /* LoadView.swift */ = {isa = PBXFileReference; lastKnownFileType = sourcecode.swift; path = LoadView.swift; sourceTree = "<group>"; };
		EEF18C902A42109400A91D2F /* UserDefaults.swift */ = {isa = PBXFileReference; lastKnownFileType = sourcecode.swift; path = UserDefaults.swift; sourceTree = "<group>"; };
		EEF18C922A4235A500A91D2F /* DatepickerFromBottom.swift */ = {isa = PBXFileReference; lastKnownFileType = sourcecode.swift; path = DatepickerFromBottom.swift; sourceTree = "<group>"; };
		EEF18C942A4258EE00A91D2F /* FS calendar.swift */ = {isa = PBXFileReference; lastKnownFileType = sourcecode.swift; path = "FS calendar.swift"; sourceTree = "<group>"; };
		EEF27A3F2A044E7D006E5E53 /* Pods_Tour_Manager.framework */ = {isa = PBXFileReference; explicitFileType = wrapper.framework; path = Pods_Tour_Manager.framework; sourceTree = BUILT_PRODUCTS_DIR; };
		EEF27A442A055443006E5E53 /* Profile.swift */ = {isa = PBXFileReference; lastKnownFileType = sourcecode.swift; path = Profile.swift; sourceTree = "<group>"; };
		EEF27A472A05551E006E5E53 /* Font.swift */ = {isa = PBXFileReference; lastKnownFileType = sourcecode.swift; path = Font.swift; sourceTree = "<group>"; };
		EEF27A502A059BE4006E5E53 /* TextFieldValidation.swift */ = {isa = PBXFileReference; lastKnownFileType = sourcecode.swift; path = TextFieldValidation.swift; sourceTree = "<group>"; };
		EEF27A532A05AA44006E5E53 /* Controllers.swift */ = {isa = PBXFileReference; lastKnownFileType = sourcecode.swift; path = Controllers.swift; sourceTree = "<group>"; };
		EEF27A562A05B512006E5E53 /* extensionUiView.swift */ = {isa = PBXFileReference; lastKnownFileType = sourcecode.swift; path = extensionUiView.swift; sourceTree = "<group>"; };
		EEF27A582A05C7BC006E5E53 /* VerifyEmailViewController.swift */ = {isa = PBXFileReference; lastKnownFileType = sourcecode.swift; path = VerifyEmailViewController.swift; sourceTree = "<group>"; };
		EEF6EBA62A41BADE00DC5F6A /* GuideCollectionViewCell.swift */ = {isa = PBXFileReference; lastKnownFileType = sourcecode.swift; path = GuideCollectionViewCell.swift; sourceTree = "<group>"; };
		EEF6EBA72A41BADE00DC5F6A /* GuideCollectionViewCell.xib */ = {isa = PBXFileReference; lastKnownFileType = file.xib; path = GuideCollectionViewCell.xib; sourceTree = "<group>"; };
		EEFD30EC2A3B6400003192A1 /* ExcursionsNavigationController.swift */ = {isa = PBXFileReference; lastKnownFileType = sourcecode.swift; path = ExcursionsNavigationController.swift; sourceTree = "<group>"; };
		EEFD30EE2A3B7905003192A1 /* ExcurionsGuideCalendarViewController.swift */ = {isa = PBXFileReference; lastKnownFileType = sourcecode.swift; path = ExcurionsGuideCalendarViewController.swift; sourceTree = "<group>"; };
/* End PBXFileReference section */

/* Begin PBXFrameworksBuildPhase section */
		EE52E16829E5C1C8000C0E5B /* Frameworks */ = {
			isa = PBXFrameworksBuildPhase;
			buildActionMask = 2147483647;
			files = (
				EEF27A402A044E7D006E5E53 /* Pods_Tour_Manager.framework in Frameworks */,
			);
			runOnlyForDeploymentPostprocessing = 0;
		};
/* End PBXFrameworksBuildPhase section */

/* Begin PBXGroup section */
		09BFC6392DE8B7F18DA1BC04 /* Frameworks */ = {
			isa = PBXGroup;
			children = (
				EEF27A3F2A044E7D006E5E53 /* Pods_Tour_Manager.framework */,
				1DFBF18B6D24A5A5FC68BDFE /* Pods_Tour_Manager.framework */,
			);
			name = Frameworks;
			sourceTree = "<group>";
		};
		846A1A146534BC9D8C58AE15 /* Pods */ = {
			isa = PBXGroup;
			children = (
				68E77E428BEC283B907E8208 /* Pods-Tour Manager.debug.xcconfig */,
				4C239F2D7A9DD96051CDD690 /* Pods-Tour Manager.release.xcconfig */,
			);
			path = Pods;
			sourceTree = "<group>";
		};
		EE1770F12A23EDE500B18055 /* General */ = {
			isa = PBXGroup;
			children = (
				EE1770F22A23EE5A00B18055 /* LaunchScreenViewController.swift */,
				EEB2336A2A51D50700F3904F /* NoConnectionViewController.swift */,
			);
			path = General;
			sourceTree = "<group>";
		};
		EE18F4612A3E4E850047E068 /* AutoFill */ = {
			isa = PBXGroup;
			children = (
				EE18F4622A3E4E940047E068 /* Json Structs */,
				EE18F4672A3E503F0047E068 /* ApiManagerAutoFill.swift */,
			);
			path = AutoFill;
			sourceTree = "<group>";
		};
		EE18F4622A3E4E940047E068 /* Json Structs */ = {
			isa = PBXGroup;
			children = (
				EE18F4632A3E4EAD0047E068 /* SendAutofill.swift */,
				EE18F4652A3E4FB00047E068 /* ResponseAutoFill.swift */,
			);
			path = "Json Structs";
			sourceTree = "<group>";
		};
		EE2377342A0816C400CB9D70 /* alerts */ = {
			isa = PBXGroup;
			children = (
				EE2377352A0816D900CB9D70 /* Alerts.swift */,
			);
			path = alerts;
			sourceTree = "<group>";
		};
		EE2C9A4C29FD84F500B7D74F /* View */ = {
			isa = PBXGroup;
			children = (
				EEF18C8C2A4209D500A91D2F /* general Views */,
				EEE8026B2A2E5AFB00162622 /* cells */,
				EE2377342A0816C400CB9D70 /* alerts */,
				EE52E17729E5C1CB000C0E5B /* Assets.xcassets */,
				EEF27A552A05B4FC006E5E53 /* extensionViews */,
				EEF27A462A0554F6006E5E53 /* Font */,
				EE2C9A4D29FD850500B7D74F /* Storyboards */,
			);
			path = View;
			sourceTree = "<group>";
		};
		EE2C9A4D29FD850500B7D74F /* Storyboards */ = {
			isa = PBXGroup;
			children = (
				EE52E17429E5C1C8000C0E5B /* Auth.storyboard */,
				EE52E17929E5C1CB000C0E5B /* LaunchScreen.storyboard */,
				EE5F91D22A202F0800B39BB1 /* Main.storyboard */,
				EE1770F52A23F00300B18055 /* Launch.storyboard */,
			);
			path = Storyboards;
			sourceTree = "<group>";
		};
		EE4C893C2A2E3D3C004D3CB9 /* Excursions */ = {
			isa = PBXGroup;
			children = (
				EE4C893D2A2E3D85004D3CB9 /* Excursion.swift */,
				EEB73FA22A365ABC004D7A25 /* ExcursionsControllerModel.swift */,
			);
			path = Excursions;
			sourceTree = "<group>";
		};
		EE52E16229E5C1C8000C0E5B = {
			isa = PBXGroup;
			children = (
				EE8474052A4D99180082DE7E /* Library */,
				EE52E16D29E5C1C8000C0E5B /* Tour Manager */,
				EE52E16C29E5C1C8000C0E5B /* Products */,
				846A1A146534BC9D8C58AE15 /* Pods */,
				09BFC6392DE8B7F18DA1BC04 /* Frameworks */,
			);
			sourceTree = "<group>";
		};
		EE52E16C29E5C1C8000C0E5B /* Products */ = {
			isa = PBXGroup;
			children = (
				EE52E16B29E5C1C8000C0E5B /* Tour Manager.app */,
			);
			name = Products;
			sourceTree = "<group>";
		};
		EE52E16D29E5C1C8000C0E5B /* Tour Manager */ = {
			isa = PBXGroup;
			children = (
				EE1770F72A23FA5500B18055 /* Tour Manager.entitlements */,
				EE5F91DA2A21514200B39BB1 /* Model */,
				EE2C9A4C29FD84F500B7D74F /* View */,
				EEFAB0F129F1E7B60028999A /* Controller */,
				EE52E16E29E5C1C8000C0E5B /* AppDelegate.swift */,
				EE52E17029E5C1C8000C0E5B /* SceneDelegate.swift */,
				EE52E17C29E5C1CB000C0E5B /* Info.plist */,
			);
			path = "Tour Manager";
			sourceTree = "<group>";
		};
		EE5F91D42A20A13900B39BB1 /* Main */ = {
			isa = PBXGroup;
			children = (
				EEFD30E92A3B636D003192A1 /* Excursions */,
				EEE802682A2E4DFE00162622 /* ExcursionManagment */,
				EE5F91D62A20A1E700B39BB1 /* mainTabBarViewController.swift */,
				EE5F91D52A20A14400B39BB1 /* Profile */,
			);
			path = Main;
			sourceTree = "<group>";
		};
		EE5F91D52A20A14400B39BB1 /* Profile */ = {
			isa = PBXGroup;
			children = (
				EE2C9A4F29FD858500B7D74F /* ProfilePageViewController.swift */,
				EE1770ED2A239A7E00B18055 /* ChangePasswordViewController.swift */,
				EE9788682A28D4FA0086C034 /* EmploeeTableViewController.swift */,
				EE97886A2A28EA710086C034 /* EmploeeViewController.swift */,
				EE63A6C52A59E968007B8FC1 /* AdvancedSettingsViewController.swift */,
			);
			path = Profile;
			sourceTree = "<group>";
		};
		EE5F91DA2A21514200B39BB1 /* Model */ = {
			isa = PBXGroup;
			children = (
				EE8474022A4CC9EA0082DE7E /* NotificationCenter */,
				EE8473FF2A4CB5C90082DE7E /* General Logic */,
				EEF18C8F2A42107300A91D2F /* LocalStorage */,
				EE4C893C2A2E3D3C004D3CB9 /* Excursions */,
				EEC9BA192A2671ED00BC026A /* Extensions */,
				EE5F91E02A2152D500B39BB1 /* Server */,
				EE5F91DF2A21529C00B39BB1 /* Validation */,
				EE5F91DE2A21528D00B39BB1 /* Controllers */,
				EE5F91DD2A21528100B39BB1 /* User */,
				EE5F91DC2A21526600B39BB1 /* Profile */,
			);
			path = Model;
			sourceTree = "<group>";
		};
		EE5F91DC2A21526600B39BB1 /* Profile */ = {
			isa = PBXGroup;
			children = (
				EEF27A442A055443006E5E53 /* Profile.swift */,
			);
			path = Profile;
			sourceTree = "<group>";
		};
		EE5F91DD2A21528100B39BB1 /* User */ = {
			isa = PBXGroup;
			children = (
				EE6DE0692A1E681100507A27 /* User.swift */,
				EE1770EB2A22B08500B18055 /* Company.swift */,
				EE4C89342A2CEE40004D3CB9 /* Auth.swift */,
				EE4C89362A2CF006004D3CB9 /* User Info.swift */,
				EE4C89382A2CF1E7004D3CB9 /* Access Level.swift */,
			);
			path = User;
			sourceTree = "<group>";
		};
		EE5F91DE2A21528D00B39BB1 /* Controllers */ = {
			isa = PBXGroup;
			children = (
				EEF27A532A05AA44006E5E53 /* Controllers.swift */,
			);
			path = Controllers;
			sourceTree = "<group>";
		};
		EE5F91DF2A21529C00B39BB1 /* Validation */ = {
			isa = PBXGroup;
			children = (
				EEF27A502A059BE4006E5E53 /* TextFieldValidation.swift */,
				EE1770EF2A23BD9500B18055 /* StringValidation.swift */,
			);
			path = Validation;
			sourceTree = "<group>";
		};
		EE5F91E02A2152D500B39BB1 /* Server */ = {
			isa = PBXGroup;
			children = (
				EE18F4612A3E4E850047E068 /* AutoFill */,
				EEB73F9A2A364B59004D7A25 /* Excursions */,
				EE5F91E32A2152FF00B39BB1 /* Auth */,
				EE5F91E22A2152FA00B39BB1 /* UserData */,
				EE5F91E12A2152F400B39BB1 /* Company */,
				EE5F91BD2A1E9FC400B39BB1 /* GeneralData.swift */,
			);
			path = Server;
			sourceTree = "<group>";
		};
		EE5F91E12A2152F400B39BB1 /* Company */ = {
			isa = PBXGroup;
			children = (
				EE5F91E62A21535000B39BB1 /* Json Structs */,
				EE5F91C32A1FCEAE00B39BB1 /* ApiManagerCompany.swift */,
			);
			path = Company;
			sourceTree = "<group>";
		};
		EE5F91E22A2152FA00B39BB1 /* UserData */ = {
			isa = PBXGroup;
			children = (
				EE5F91E52A21534000B39BB1 /* Json Structs */,
				EE5F91BB2A1E9F7000B39BB1 /* ApiManagerUserData.swift */,
			);
			path = UserData;
			sourceTree = "<group>";
		};
		EE5F91E32A2152FF00B39BB1 /* Auth */ = {
			isa = PBXGroup;
			children = (
				EE5F91E42A21533600B39BB1 /* Json Structs */,
				EEA4C07F29FDDC650083154E /* ApiManagerAuth.swift */,
			);
			path = Auth;
			sourceTree = "<group>";
		};
		EE5F91E42A21533600B39BB1 /* Json Structs */ = {
			isa = PBXGroup;
			children = (
				EE5F91CE2A200C7700B39BB1 /* sendAuthStructs.swift */,
				EE5F91D02A200D2D00B39BB1 /* ResponseAuthStructs.swift */,
			);
			path = "Json Structs";
			sourceTree = "<group>";
		};
		EE5F91E52A21534000B39BB1 /* Json Structs */ = {
			isa = PBXGroup;
			children = (
				EE5F91BF2A1EA3C900B39BB1 /* ResponseUserDataStructs.swift */,
				EE5F91CC2A2007E400B39BB1 /* sendUserDataStructs.swift */,
			);
			path = "Json Structs";
			sourceTree = "<group>";
		};
		EE5F91E62A21535000B39BB1 /* Json Structs */ = {
			isa = PBXGroup;
			children = (
				EE5F91C52A1FD16200B39BB1 /* responseStructs.swift */,
				EE5F91CA2A2003A200B39BB1 /* sendStructs.swift */,
			);
			path = "Json Structs";
			sourceTree = "<group>";
		};
		EE8473FF2A4CB5C90082DE7E /* General Logic */ = {
			isa = PBXGroup;
			children = (
				EE8474002A4CB5DD0082DE7E /* GeneralLogic.swift */,
			);
			path = "General Logic";
			sourceTree = "<group>";
		};
		EE8474022A4CC9EA0082DE7E /* NotificationCenter */ = {
			isa = PBXGroup;
			children = (
				EE8474032A4CC9FD0082DE7E /* NotificationCenterLocal.swift */,
				EE8474092A4DB04E0082DE7E /* PushNotificationService.swift */,
			);
			path = NotificationCenter;
			sourceTree = "<group>";
		};
		EE8474052A4D99180082DE7E /* Library */ = {
			isa = PBXGroup;
			children = (
				EE8474062A4D99280082DE7E /* Sounds */,
			);
			path = Library;
			sourceTree = "<group>";
		};
		EE8474062A4D99280082DE7E /* Sounds */ = {
			isa = PBXGroup;
			children = (
				EE8474072A4D99620082DE7E /* sub.caf */,
				EE4619122A6C229C00EBE695 /* Notification.wav */,
			);
			path = Sounds;
			sourceTree = "<group>";
		};
		EEB73F9A2A364B59004D7A25 /* Excursions */ = {
			isa = PBXGroup;
			children = (
				EEB73F9D2A364B86004D7A25 /* JsonStructs */,
				EEB73F9B2A364B82004D7A25 /* ApiManagerExcursions.swift */,
			);
			path = Excursions;
			sourceTree = "<group>";
		};
		EEB73F9D2A364B86004D7A25 /* JsonStructs */ = {
			isa = PBXGroup;
			children = (
				EEB73F9E2A364B9B004D7A25 /* SendExcursions.swift */,
				EEB73FA02A364BA9004D7A25 /* ResponseExcursions.swift */,
			);
			path = JsonStructs;
			sourceTree = "<group>";
		};
		EEC9BA192A2671ED00BC026A /* Extensions */ = {
			isa = PBXGroup;
			children = (
				EE5F91C82A1FFBB500B39BB1 /* ConvertDate.swift */,
				EEC9BA172A2670A100BC026A /* Bool.swift */,
			);
			path = Extensions;
			sourceTree = "<group>";
		};
		EEE802682A2E4DFE00162622 /* ExcursionManagment */ = {
			isa = PBXGroup;
			children = (
				EEE802692A2E4E1A00162622 /* ExcursionManagementViewController.swift */,
				EE0528C92A30DA3C006C8C98 /* NewExcursionTableViewController.swift */,
				EEDA5E9E2A37C153002CC5C8 /* AddingNewComponentViewController.swift */,
			);
			path = ExcursionManagment;
			sourceTree = "<group>";
		};
		EEE8026B2A2E5AFB00162622 /* cells */ = {
			isa = PBXGroup;
			children = (
				EEE8026E2A2E5DED00162622 /* ExcursionTableViewCell.swift */,
				EEE8026F2A2E5DED00162622 /* ExcursionTableViewCell.xib */,
				EEB764A02A387B2200579E6B /* NewComponentTableViewCell.swift */,
				EEB764A12A387B2200579E6B /* NewComponentTableViewCell.xib */,
				EEF6EBA62A41BADE00DC5F6A /* GuideCollectionViewCell.swift */,
				EEF6EBA72A41BADE00DC5F6A /* GuideCollectionViewCell.xib */,
				EE1D14102A577A1500A125F2 /* TourManadgmentTableViewCell.swift */,
				EE1D14112A577A1500A125F2 /* TourManadgmentTableViewCell.xib */,
			);
			path = cells;
			sourceTree = "<group>";
		};
		EEF18C8C2A4209D500A91D2F /* general Views */ = {
			isa = PBXGroup;
			children = (
				EEF18C8D2A4209F800A91D2F /* LoadView.swift */,
				EEF18C922A4235A500A91D2F /* DatepickerFromBottom.swift */,
				EEF18C942A4258EE00A91D2F /* FS calendar.swift */,
			);
			path = "general Views";
			sourceTree = "<group>";
		};
		EEF18C8F2A42107300A91D2F /* LocalStorage */ = {
			isa = PBXGroup;
			children = (
				EEF18C902A42109400A91D2F /* UserDefaults.swift */,
			);
			path = LocalStorage;
			sourceTree = "<group>";
		};
		EEF27A462A0554F6006E5E53 /* Font */ = {
			isa = PBXGroup;
			children = (
				EEF27A472A05551E006E5E53 /* Font.swift */,
			);
			path = Font;
			sourceTree = "<group>";
		};
		EEF27A552A05B4FC006E5E53 /* extensionViews */ = {
			isa = PBXGroup;
			children = (
				EEF27A562A05B512006E5E53 /* extensionUiView.swift */,
				EE5F91B52A1E839E00B39BB1 /* UiWindow.swift */,
				EE4C893A2A2CF53D004D3CB9 /* UiButton.swift */,
				EEDA5E9A2A378215002CC5C8 /* UiTextField.swift */,
				EEDA5E9C2A37BFA9002CC5C8 /* UiTextView.swift */,
			);
			path = extensionViews;
			sourceTree = "<group>";
		};
		EEFAB0F129F1E7B60028999A /* Controller */ = {
			isa = PBXGroup;
			children = (
				EE1770F12A23EDE500B18055 /* General */,
				EE5F91D42A20A13900B39BB1 /* Main */,
				EEFAB0F229F1E7C50028999A /* Auth */,
			);
			path = Controller;
			sourceTree = "<group>";
		};
		EEFAB0F229F1E7C50028999A /* Auth */ = {
			isa = PBXGroup;
			children = (
				EEF27A582A05C7BC006E5E53 /* VerifyEmailViewController.swift */,
				EE5EEC2D2A06D0660025336E /* AddingPersonalDataViewController.swift */,
				EE5EEC302A06EDC20025336E /* ChoiceOfTypeAccountViewController.swift */,
				EEA07CB02A4DD7FB00F14778 /* LoginViewController.swift */,
			);
			path = Auth;
			sourceTree = "<group>";
		};
		EEFD30E92A3B636D003192A1 /* Excursions */ = {
			isa = PBXGroup;
			children = (
				EE1A678E2A40F50F007A1A84 /* ExcursionForGuideTableViewController.swift */,
				EEFD30EC2A3B6400003192A1 /* ExcursionsNavigationController.swift */,
				EEFD30EE2A3B7905003192A1 /* ExcurionsGuideCalendarViewController.swift */,
			);
			path = Excursions;
			sourceTree = "<group>";
		};
/* End PBXGroup section */

/* Begin PBXNativeTarget section */
		EE52E16A29E5C1C8000C0E5B /* Tour Manager */ = {
			isa = PBXNativeTarget;
			buildConfigurationList = EE52E17F29E5C1CB000C0E5B /* Build configuration list for PBXNativeTarget "Tour Manager" */;
			buildPhases = (
				79280DCE7A2DF98CE113BAA0 /* [CP] Check Pods Manifest.lock */,
				EE52E16729E5C1C8000C0E5B /* Sources */,
				EE52E16829E5C1C8000C0E5B /* Frameworks */,
				EE52E16929E5C1C8000C0E5B /* Resources */,
				E013215BF8D4058A5659F0E1 /* [CP] Embed Pods Frameworks */,
			);
			buildRules = (
			);
			dependencies = (
			);
			name = "Tour Manager";
			productName = "Tour Manager";
			productReference = EE52E16B29E5C1C8000C0E5B /* Tour Manager.app */;
			productType = "com.apple.product-type.application";
		};
/* End PBXNativeTarget section */

/* Begin PBXProject section */
		EE52E16329E5C1C8000C0E5B /* Project object */ = {
			isa = PBXProject;
			attributes = {
				BuildIndependentTargetsInParallel = 1;
				LastSwiftUpdateCheck = 1420;
				LastUpgradeCheck = 1420;
				TargetAttributes = {
					EE52E16A29E5C1C8000C0E5B = {
						CreatedOnToolsVersion = 14.2;
					};
				};
			};
			buildConfigurationList = EE52E16629E5C1C8000C0E5B /* Build configuration list for PBXProject "Tour Manager" */;
			compatibilityVersion = "Xcode 15.0";
			developmentRegion = en;
			hasScannedForEncodings = 0;
			knownRegions = (
				en,
				Base,
			);
			mainGroup = EE52E16229E5C1C8000C0E5B;
			productRefGroup = EE52E16C29E5C1C8000C0E5B /* Products */;
			projectDirPath = "";
			projectRoot = "";
			targets = (
				EE52E16A29E5C1C8000C0E5B /* Tour Manager */,
			);
		};
/* End PBXProject section */

/* Begin PBXResourcesBuildPhase section */
		EE52E16929E5C1C8000C0E5B /* Resources */ = {
			isa = PBXResourcesBuildPhase;
			buildActionMask = 2147483647;
			files = (
				EE52E17B29E5C1CB000C0E5B /* LaunchScreen.storyboard in Resources */,
				EE1D14132A577A1500A125F2 /* TourManadgmentTableViewCell.xib in Resources */,
				EEF6EBA92A41BADE00DC5F6A /* GuideCollectionViewCell.xib in Resources */,
				EE4619132A6C229C00EBE695 /* Notification.wav in Resources */,
				EE1770F62A23F00300B18055 /* Launch.storyboard in Resources */,
				EE8474082A4D99620082DE7E /* sub.caf in Resources */,
				EEE802712A2E5DED00162622 /* ExcursionTableViewCell.xib in Resources */,
				EEB764A32A387B2200579E6B /* NewComponentTableViewCell.xib in Resources */,
				EE52E17829E5C1CB000C0E5B /* Assets.xcassets in Resources */,
				EE52E17629E5C1C8000C0E5B /* Auth.storyboard in Resources */,
				EE5F91D32A202F0800B39BB1 /* Main.storyboard in Resources */,
			);
			runOnlyForDeploymentPostprocessing = 0;
		};
/* End PBXResourcesBuildPhase section */

/* Begin PBXShellScriptBuildPhase section */
		79280DCE7A2DF98CE113BAA0 /* [CP] Check Pods Manifest.lock */ = {
			isa = PBXShellScriptBuildPhase;
			buildActionMask = 2147483647;
			files = (
			);
			inputFileListPaths = (
			);
			inputPaths = (
				"${PODS_PODFILE_DIR_PATH}/Podfile.lock",
				"${PODS_ROOT}/Manifest.lock",
			);
			name = "[CP] Check Pods Manifest.lock";
			outputFileListPaths = (
			);
			outputPaths = (
				"$(DERIVED_FILE_DIR)/Pods-Tour Manager-checkManifestLockResult.txt",
			);
			runOnlyForDeploymentPostprocessing = 0;
			shellPath = /bin/sh;
			shellScript = "diff \"${PODS_PODFILE_DIR_PATH}/Podfile.lock\" \"${PODS_ROOT}/Manifest.lock\" > /dev/null\nif [ $? != 0 ] ; then\n    # print error to STDERR\n    echo \"error: The sandbox is not in sync with the Podfile.lock. Run 'pod install' or update your CocoaPods installation.\" >&2\n    exit 1\nfi\n# This output is used by Xcode 'outputs' to avoid re-running this script phase.\necho \"SUCCESS\" > \"${SCRIPT_OUTPUT_FILE_0}\"\n";
			showEnvVarsInLog = 0;
		};
		E013215BF8D4058A5659F0E1 /* [CP] Embed Pods Frameworks */ = {
			isa = PBXShellScriptBuildPhase;
			buildActionMask = 2147483647;
			files = (
			);
			inputFileListPaths = (
				"${PODS_ROOT}/Target Support Files/Pods-Tour Manager/Pods-Tour Manager-frameworks-${CONFIGURATION}-input-files.xcfilelist",
			);
			name = "[CP] Embed Pods Frameworks";
			outputFileListPaths = (
				"${PODS_ROOT}/Target Support Files/Pods-Tour Manager/Pods-Tour Manager-frameworks-${CONFIGURATION}-output-files.xcfilelist",
			);
			runOnlyForDeploymentPostprocessing = 0;
			shellPath = /bin/sh;
			shellScript = "\"${PODS_ROOT}/Target Support Files/Pods-Tour Manager/Pods-Tour Manager-frameworks.sh\"\n";
			showEnvVarsInLog = 0;
		};
/* End PBXShellScriptBuildPhase section */

/* Begin PBXSourcesBuildPhase section */
		EE52E16729E5C1C8000C0E5B /* Sources */ = {
			isa = PBXSourcesBuildPhase;
			buildActionMask = 2147483647;
			files = (
				EEFD30ED2A3B6400003192A1 /* ExcursionsNavigationController.swift in Sources */,
				EE5F91C02A1EA3C900B39BB1 /* ResponseUserDataStructs.swift in Sources */,
				EE5F91CF2A200C7700B39BB1 /* sendAuthStructs.swift in Sources */,
				EEA4C08029FDDC650083154E /* ApiManagerAuth.swift in Sources */,
				EEF27A592A05C7BC006E5E53 /* VerifyEmailViewController.swift in Sources */,
				EE5F91D72A20A1E700B39BB1 /* mainTabBarViewController.swift in Sources */,
				EE1770F32A23EE5A00B18055 /* LaunchScreenViewController.swift in Sources */,
				EE63A6C62A59E968007B8FC1 /* AdvancedSettingsViewController.swift in Sources */,
				EE5F91BE2A1E9FC400B39BB1 /* GeneralData.swift in Sources */,
				EE1A678F2A40F50F007A1A84 /* ExcursionForGuideTableViewController.swift in Sources */,
				EEF27A572A05B512006E5E53 /* extensionUiView.swift in Sources */,
				EEDA5E9D2A37BFA9002CC5C8 /* UiTextView.swift in Sources */,
				EE5F91C92A1FFBB500B39BB1 /* ConvertDate.swift in Sources */,
				EE1770F02A23BD9500B18055 /* StringValidation.swift in Sources */,
				EE5F91D12A200D2D00B39BB1 /* ResponseAuthStructs.swift in Sources */,
				EE5EEC2E2A06D0660025336E /* AddingPersonalDataViewController.swift in Sources */,
				EE8474042A4CC9FD0082DE7E /* NotificationCenterLocal.swift in Sources */,
				EE4C893E2A2E3D85004D3CB9 /* Excursion.swift in Sources */,
				EE1770EC2A22B08500B18055 /* Company.swift in Sources */,
				EEB764A22A387B2200579E6B /* NewComponentTableViewCell.swift in Sources */,
				EE1770EE2A239A7E00B18055 /* ChangePasswordViewController.swift in Sources */,
				EEE802702A2E5DED00162622 /* ExcursionTableViewCell.swift in Sources */,
				EE8474012A4CB5DD0082DE7E /* GeneralLogic.swift in Sources */,
				EEF27A512A059BE4006E5E53 /* TextFieldValidation.swift in Sources */,
				EEF6EBA82A41BADE00DC5F6A /* GuideCollectionViewCell.swift in Sources */,
				EEF27A482A05551E006E5E53 /* Font.swift in Sources */,
				EE4C89372A2CF006004D3CB9 /* User Info.swift in Sources */,
				EE6DE06A2A1E681100507A27 /* User.swift in Sources */,
				EE2C9A5029FD858500B7D74F /* ProfilePageViewController.swift in Sources */,
				EEB73FA32A365ABC004D7A25 /* ExcursionsControllerModel.swift in Sources */,
				EEF18C952A4258EE00A91D2F /* FS calendar.swift in Sources */,
				EE84740A2A4DB04E0082DE7E /* PushNotificationService.swift in Sources */,
				EEA07CB12A4DD7FC00F14778 /* LoginViewController.swift in Sources */,
				EE5F91B62A1E839E00B39BB1 /* UiWindow.swift in Sources */,
				EEF18C912A42109400A91D2F /* UserDefaults.swift in Sources */,
				EE97886B2A28EA710086C034 /* EmploeeViewController.swift in Sources */,
				EEB73F9F2A364B9B004D7A25 /* SendExcursions.swift in Sources */,
				EE5F91CB2A2003A200B39BB1 /* sendStructs.swift in Sources */,
				EEB73F9C2A364B82004D7A25 /* ApiManagerExcursions.swift in Sources */,
				EE5F91C42A1FCEAE00B39BB1 /* ApiManagerCompany.swift in Sources */,
				EEFD30EF2A3B7905003192A1 /* ExcurionsGuideCalendarViewController.swift in Sources */,
				EEDA5E9B2A378215002CC5C8 /* UiTextField.swift in Sources */,
				EE4C89392A2CF1E7004D3CB9 /* Access Level.swift in Sources */,
				EEF18C932A4235A500A91D2F /* DatepickerFromBottom.swift in Sources */,
				EE9788692A28D4FA0086C034 /* EmploeeTableViewController.swift in Sources */,
				EEC9BA182A2670A100BC026A /* Bool.swift in Sources */,
				EE4C89352A2CEE40004D3CB9 /* Auth.swift in Sources */,
				EE5F91C62A1FD16200B39BB1 /* responseStructs.swift in Sources */,
				EEB73FA12A364BA9004D7A25 /* ResponseExcursions.swift in Sources */,
				EEE8026A2A2E4E1A00162622 /* ExcursionManagementViewController.swift in Sources */,
				EE4C893B2A2CF53D004D3CB9 /* UiButton.swift in Sources */,
				EE52E16F29E5C1C8000C0E5B /* AppDelegate.swift in Sources */,
				EE52E17129E5C1C8000C0E5B /* SceneDelegate.swift in Sources */,
				EE18F4662A3E4FB00047E068 /* ResponseAutoFill.swift in Sources */,
				EEDA5E9F2A37C153002CC5C8 /* AddingNewComponentViewController.swift in Sources */,
				EE0528CA2A30DA3C006C8C98 /* NewExcursionTableViewController.swift in Sources */,
				EEF27A542A05AA44006E5E53 /* Controllers.swift in Sources */,
				EE18F4642A3E4EAD0047E068 /* SendAutofill.swift in Sources */,
				EE18F4682A3E503F0047E068 /* ApiManagerAutoFill.swift in Sources */,
				EE5EEC312A06EDC20025336E /* ChoiceOfTypeAccountViewController.swift in Sources */,
				EE1D14122A577A1500A125F2 /* TourManadgmentTableViewCell.swift in Sources */,
				EEF27A452A055443006E5E53 /* Profile.swift in Sources */,
				EE2377362A0816D900CB9D70 /* Alerts.swift in Sources */,
				EEB2336B2A51D50700F3904F /* NoConnectionViewController.swift in Sources */,
				EE5F91BC2A1E9F7000B39BB1 /* ApiManagerUserData.swift in Sources */,
				EEF18C8E2A4209F800A91D2F /* LoadView.swift in Sources */,
				EE5F91CD2A2007E400B39BB1 /* sendUserDataStructs.swift in Sources */,
			);
			runOnlyForDeploymentPostprocessing = 0;
		};
/* End PBXSourcesBuildPhase section */

/* Begin PBXVariantGroup section */
		EE52E17429E5C1C8000C0E5B /* Auth.storyboard */ = {
			isa = PBXVariantGroup;
			children = (
				EE52E17529E5C1C8000C0E5B /* Base */,
			);
			name = Auth.storyboard;
			sourceTree = "<group>";
		};
		EE52E17929E5C1CB000C0E5B /* LaunchScreen.storyboard */ = {
			isa = PBXVariantGroup;
			children = (
				EE52E17A29E5C1CB000C0E5B /* Base */,
			);
			name = LaunchScreen.storyboard;
			sourceTree = "<group>";
		};
/* End PBXVariantGroup section */

/* Begin XCBuildConfiguration section */
		EE52E17D29E5C1CB000C0E5B /* Debug */ = {
			isa = XCBuildConfiguration;
			buildSettings = {
				ALWAYS_SEARCH_USER_PATHS = NO;
				CLANG_ANALYZER_NONNULL = YES;
				CLANG_ANALYZER_NUMBER_OBJECT_CONVERSION = YES_AGGRESSIVE;
				CLANG_CXX_LANGUAGE_STANDARD = "gnu++20";
				CLANG_ENABLE_MODULES = YES;
				CLANG_ENABLE_OBJC_ARC = YES;
				CLANG_ENABLE_OBJC_WEAK = YES;
				CLANG_WARN_BLOCK_CAPTURE_AUTORELEASING = YES;
				CLANG_WARN_BOOL_CONVERSION = YES;
				CLANG_WARN_COMMA = YES;
				CLANG_WARN_CONSTANT_CONVERSION = YES;
				CLANG_WARN_DEPRECATED_OBJC_IMPLEMENTATIONS = YES;
				CLANG_WARN_DIRECT_OBJC_ISA_USAGE = YES_ERROR;
				CLANG_WARN_DOCUMENTATION_COMMENTS = YES;
				CLANG_WARN_EMPTY_BODY = YES;
				CLANG_WARN_ENUM_CONVERSION = YES;
				CLANG_WARN_INFINITE_RECURSION = YES;
				CLANG_WARN_INT_CONVERSION = YES;
				CLANG_WARN_NON_LITERAL_NULL_CONVERSION = YES;
				CLANG_WARN_OBJC_IMPLICIT_RETAIN_SELF = YES;
				CLANG_WARN_OBJC_LITERAL_CONVERSION = YES;
				CLANG_WARN_OBJC_ROOT_CLASS = YES_ERROR;
				CLANG_WARN_QUOTED_INCLUDE_IN_FRAMEWORK_HEADER = YES;
				CLANG_WARN_RANGE_LOOP_ANALYSIS = YES;
				CLANG_WARN_STRICT_PROTOTYPES = YES;
				CLANG_WARN_SUSPICIOUS_MOVE = YES;
				CLANG_WARN_UNGUARDED_AVAILABILITY = YES_AGGRESSIVE;
				CLANG_WARN_UNREACHABLE_CODE = YES;
				CLANG_WARN__DUPLICATE_METHOD_MATCH = YES;
				COPY_PHASE_STRIP = NO;
				DEBUG_INFORMATION_FORMAT = dwarf;
				ENABLE_STRICT_OBJC_MSGSEND = YES;
				ENABLE_TESTABILITY = YES;
				GCC_C_LANGUAGE_STANDARD = gnu11;
				GCC_DYNAMIC_NO_PIC = NO;
				GCC_NO_COMMON_BLOCKS = YES;
				GCC_OPTIMIZATION_LEVEL = 0;
				GCC_PREPROCESSOR_DEFINITIONS = (
					"DEBUG=1",
					"$(inherited)",
				);
				GCC_WARN_64_TO_32_BIT_CONVERSION = YES;
				GCC_WARN_ABOUT_RETURN_TYPE = YES_ERROR;
				GCC_WARN_UNDECLARED_SELECTOR = YES;
				GCC_WARN_UNINITIALIZED_AUTOS = YES_AGGRESSIVE;
				GCC_WARN_UNUSED_FUNCTION = YES;
				GCC_WARN_UNUSED_VARIABLE = YES;
				IPHONEOS_DEPLOYMENT_TARGET = 16.2;
				MTL_ENABLE_DEBUG_INFO = INCLUDE_SOURCE;
				MTL_FAST_MATH = YES;
				ONLY_ACTIVE_ARCH = YES;
				SDKROOT = iphoneos;
				SWIFT_ACTIVE_COMPILATION_CONDITIONS = DEBUG;
				SWIFT_OPTIMIZATION_LEVEL = "-Onone";
			};
			name = Debug;
		};
		EE52E17E29E5C1CB000C0E5B /* Release */ = {
			isa = XCBuildConfiguration;
			buildSettings = {
				ALWAYS_SEARCH_USER_PATHS = NO;
				CLANG_ANALYZER_NONNULL = YES;
				CLANG_ANALYZER_NUMBER_OBJECT_CONVERSION = YES_AGGRESSIVE;
				CLANG_CXX_LANGUAGE_STANDARD = "gnu++20";
				CLANG_ENABLE_MODULES = YES;
				CLANG_ENABLE_OBJC_ARC = YES;
				CLANG_ENABLE_OBJC_WEAK = YES;
				CLANG_WARN_BLOCK_CAPTURE_AUTORELEASING = YES;
				CLANG_WARN_BOOL_CONVERSION = YES;
				CLANG_WARN_COMMA = YES;
				CLANG_WARN_CONSTANT_CONVERSION = YES;
				CLANG_WARN_DEPRECATED_OBJC_IMPLEMENTATIONS = YES;
				CLANG_WARN_DIRECT_OBJC_ISA_USAGE = YES_ERROR;
				CLANG_WARN_DOCUMENTATION_COMMENTS = YES;
				CLANG_WARN_EMPTY_BODY = YES;
				CLANG_WARN_ENUM_CONVERSION = YES;
				CLANG_WARN_INFINITE_RECURSION = YES;
				CLANG_WARN_INT_CONVERSION = YES;
				CLANG_WARN_NON_LITERAL_NULL_CONVERSION = YES;
				CLANG_WARN_OBJC_IMPLICIT_RETAIN_SELF = YES;
				CLANG_WARN_OBJC_LITERAL_CONVERSION = YES;
				CLANG_WARN_OBJC_ROOT_CLASS = YES_ERROR;
				CLANG_WARN_QUOTED_INCLUDE_IN_FRAMEWORK_HEADER = YES;
				CLANG_WARN_RANGE_LOOP_ANALYSIS = YES;
				CLANG_WARN_STRICT_PROTOTYPES = YES;
				CLANG_WARN_SUSPICIOUS_MOVE = YES;
				CLANG_WARN_UNGUARDED_AVAILABILITY = YES_AGGRESSIVE;
				CLANG_WARN_UNREACHABLE_CODE = YES;
				CLANG_WARN__DUPLICATE_METHOD_MATCH = YES;
				COPY_PHASE_STRIP = NO;
				DEBUG_INFORMATION_FORMAT = "dwarf-with-dsym";
				ENABLE_NS_ASSERTIONS = NO;
				ENABLE_STRICT_OBJC_MSGSEND = YES;
				GCC_C_LANGUAGE_STANDARD = gnu11;
				GCC_NO_COMMON_BLOCKS = YES;
				GCC_WARN_64_TO_32_BIT_CONVERSION = YES;
				GCC_WARN_ABOUT_RETURN_TYPE = YES_ERROR;
				GCC_WARN_UNDECLARED_SELECTOR = YES;
				GCC_WARN_UNINITIALIZED_AUTOS = YES_AGGRESSIVE;
				GCC_WARN_UNUSED_FUNCTION = YES;
				GCC_WARN_UNUSED_VARIABLE = YES;
				IPHONEOS_DEPLOYMENT_TARGET = 16.2;
				MTL_ENABLE_DEBUG_INFO = NO;
				MTL_FAST_MATH = YES;
				SDKROOT = iphoneos;
				SWIFT_COMPILATION_MODE = wholemodule;
				SWIFT_OPTIMIZATION_LEVEL = "-O";
				VALIDATE_PRODUCT = YES;
			};
			name = Release;
		};
		EE52E18029E5C1CB000C0E5B /* Debug */ = {
			isa = XCBuildConfiguration;
			baseConfigurationReference = 68E77E428BEC283B907E8208 /* Pods-Tour Manager.debug.xcconfig */;
			buildSettings = {
				ASSETCATALOG_COMPILER_APPICON_NAME = AppIcon;
				ASSETCATALOG_COMPILER_GLOBAL_ACCENT_COLOR_NAME = AccentColor;
				CODE_SIGN_ENTITLEMENTS = "Tour Manager/Tour Manager.entitlements";
				CODE_SIGN_STYLE = Automatic;
				CURRENT_PROJECT_VERSION = 1;
				DEVELOPMENT_TEAM = 4FV5WJHF4V;
				GENERATE_INFOPLIST_FILE = YES;
				INFOPLIST_FILE = "Tour Manager/Info.plist";
				INFOPLIST_KEY_CFBundleDisplayName = "Tour Manager";
				INFOPLIST_KEY_LSApplicationCategoryType = "public.app-category.business";
				INFOPLIST_KEY_UIApplicationSupportsIndirectInputEvents = YES;
				INFOPLIST_KEY_UILaunchStoryboardName = LaunchScreen.storyboard;
				INFOPLIST_KEY_UIRequiresFullScreen = YES;
				INFOPLIST_KEY_UISupportedInterfaceOrientations_iPad = "UIInterfaceOrientationPortrait UIInterfaceOrientationPortraitUpsideDown UIInterfaceOrientationLandscapeLeft UIInterfaceOrientationLandscapeRight";
				INFOPLIST_KEY_UISupportedInterfaceOrientations_iPhone = "UIInterfaceOrientationPortrait UIInterfaceOrientationLandscapeLeft UIInterfaceOrientationLandscapeRight";
				IPHONEOS_DEPLOYMENT_TARGET = 15.0;
				LD_RUNPATH_SEARCH_PATHS = (
					"$(inherited)",
					"@executable_path/Frameworks",
				);
				MARKETING_VERSION = 1;
				PRODUCT_BUNDLE_IDENTIFIER = "Shredding.Tour-Manager";
				PRODUCT_NAME = "$(TARGET_NAME)";
				SUPPORTED_PLATFORMS = "iphoneos iphonesimulator";
				SUPPORTS_MACCATALYST = NO;
				SUPPORTS_MAC_DESIGNED_FOR_IPHONE_IPAD = YES;
				SUPPORTS_XR_DESIGNED_FOR_IPHONE_IPAD = NO;
				SWIFT_EMIT_LOC_STRINGS = YES;
				SWIFT_VERSION = 5.0;
				TARGETED_DEVICE_FAMILY = "1,2";
			};
			name = Debug;
		};
		EE52E18129E5C1CB000C0E5B /* Release */ = {
			isa = XCBuildConfiguration;
			baseConfigurationReference = 4C239F2D7A9DD96051CDD690 /* Pods-Tour Manager.release.xcconfig */;
			buildSettings = {
				ASSETCATALOG_COMPILER_APPICON_NAME = AppIcon;
				ASSETCATALOG_COMPILER_GLOBAL_ACCENT_COLOR_NAME = AccentColor;
				CODE_SIGN_ENTITLEMENTS = "Tour Manager/Tour Manager.entitlements";
				CODE_SIGN_STYLE = Automatic;
				CURRENT_PROJECT_VERSION = 1;
				DEVELOPMENT_TEAM = 4FV5WJHF4V;
				GENERATE_INFOPLIST_FILE = YES;
				INFOPLIST_FILE = "Tour Manager/Info.plist";
				INFOPLIST_KEY_CFBundleDisplayName = "Tour Manager";
				INFOPLIST_KEY_LSApplicationCategoryType = "public.app-category.business";
				INFOPLIST_KEY_UIApplicationSupportsIndirectInputEvents = YES;
				INFOPLIST_KEY_UILaunchStoryboardName = LaunchScreen.storyboard;
				INFOPLIST_KEY_UIRequiresFullScreen = YES;
				INFOPLIST_KEY_UISupportedInterfaceOrientations_iPad = "UIInterfaceOrientationPortrait UIInterfaceOrientationPortraitUpsideDown UIInterfaceOrientationLandscapeLeft UIInterfaceOrientationLandscapeRight";
				INFOPLIST_KEY_UISupportedInterfaceOrientations_iPhone = "UIInterfaceOrientationPortrait UIInterfaceOrientationLandscapeLeft UIInterfaceOrientationLandscapeRight";
				IPHONEOS_DEPLOYMENT_TARGET = 15.0;
				LD_RUNPATH_SEARCH_PATHS = (
					"$(inherited)",
					"@executable_path/Frameworks",
				);
				MARKETING_VERSION = 1;
				PRODUCT_BUNDLE_IDENTIFIER = "Shredding.Tour-Manager";
				PRODUCT_NAME = "$(TARGET_NAME)";
				SUPPORTED_PLATFORMS = "iphoneos iphonesimulator";
				SUPPORTS_MACCATALYST = NO;
				SUPPORTS_MAC_DESIGNED_FOR_IPHONE_IPAD = YES;
				SUPPORTS_XR_DESIGNED_FOR_IPHONE_IPAD = NO;
				SWIFT_EMIT_LOC_STRINGS = YES;
				SWIFT_VERSION = 5.0;
				TARGETED_DEVICE_FAMILY = "1,2";
			};
			name = Release;
		};
/* End XCBuildConfiguration section */

/* Begin XCConfigurationList section */
		EE52E16629E5C1C8000C0E5B /* Build configuration list for PBXProject "Tour Manager" */ = {
			isa = XCConfigurationList;
			buildConfigurations = (
				EE52E17D29E5C1CB000C0E5B /* Debug */,
				EE52E17E29E5C1CB000C0E5B /* Release */,
			);
			defaultConfigurationIsVisible = 0;
			defaultConfigurationName = Release;
		};
		EE52E17F29E5C1CB000C0E5B /* Build configuration list for PBXNativeTarget "Tour Manager" */ = {
			isa = XCConfigurationList;
			buildConfigurations = (
				EE52E18029E5C1CB000C0E5B /* Debug */,
				EE52E18129E5C1CB000C0E5B /* Release */,
			);
			defaultConfigurationIsVisible = 0;
			defaultConfigurationName = Release;
		};
/* End XCConfigurationList section */
	};
	rootObject = EE52E16329E5C1C8000C0E5B /* Project object */;
}
